
Microsoft Visual Studio Solution File, Format Version 12.00
# Visual Studio Version 17
VisualStudioVersion = 17.5.2.0
MinimumVisualStudioVersion = 10.0.40219.1
Project("{2150E333-8FDC-42A3-9474-1A3956D46DE8}") = "backend", "backend", "{1AE8ACA6-933B-BF2A-3671-3E2EAC007D16}"
EndProject
Project("{FAE04EC0-301F-11D3-BF4B-00C04F79EFBC}") = "RecipeManager.Api", "backend\RecipeManager.Api.csproj", "{6B3211F4-5133-78EE-21EE-36E5DE40C067}"
EndProject
Project("{FAE04EC0-301F-11D3-BF4B-00C04F79EFBC}") = "RecipeManager.Api.Tests", "backend\RecipeManager.Api.Tests\RecipeManager.Api.Tests.csproj", "{FD05A718-7C43-4806-8063-BA6278AADEAB}"
EndProject
Global
	GlobalSection(SolutionConfigurationPlatforms) = preSolution
		Debug|Any CPU = Debug|Any CPU
		Debug|x64 = Debug|x64
		Debug|x86 = Debug|x86
		Release|Any CPU = Release|Any CPU
		Release|x64 = Release|x64
		Release|x86 = Release|x86
	EndGlobalSection
	GlobalSection(ProjectConfigurationPlatforms) = postSolution
		{6B3211F4-5133-78EE-21EE-36E5DE40C067}.Debug|Any CPU.ActiveCfg = Debug|Any CPU
		{6B3211F4-5133-78EE-21EE-36E5DE40C067}.Debug|Any CPU.Build.0 = Debug|Any CPU
		{6B3211F4-5133-78EE-21EE-36E5DE40C067}.Debug|x64.ActiveCfg = Debug|Any CPU
		{6B3211F4-5133-78EE-21EE-36E5DE40C067}.Debug|x64.Build.0 = Debug|Any CPU
		{6B3211F4-5133-78EE-21EE-36E5DE40C067}.Debug|x86.ActiveCfg = Debug|Any CPU
		{6B3211F4-5133-78EE-21EE-36E5DE40C067}.Debug|x86.Build.0 = Debug|Any CPU
		{6B3211F4-5133-78EE-21EE-36E5DE40C067}.Release|Any CPU.ActiveCfg = Release|Any CPU
		{6B3211F4-5133-78EE-21EE-36E5DE40C067}.Release|Any CPU.Build.0 = Release|Any CPU
		{6B3211F4-5133-78EE-21EE-36E5DE40C067}.Release|x64.ActiveCfg = Release|Any CPU
		{6B3211F4-5133-78EE-21EE-36E5DE40C067}.Release|x64.Build.0 = Release|Any CPU
		{6B3211F4-5133-78EE-21EE-36E5DE40C067}.Release|x86.ActiveCfg = Release|Any CPU
		{6B3211F4-5133-78EE-21EE-36E5DE40C067}.Release|x86.Build.0 = Release|Any CPU
		{FD05A718-7C43-4806-8063-BA6278AADEAB}.Debug|Any CPU.ActiveCfg = Debug|Any CPU
		{FD05A718-7C43-4806-8063-BA6278AADEAB}.Debug|Any CPU.Build.0 = Debug|Any CPU
		{FD05A718-7C43-4806-8063-BA6278AADEAB}.Debug|x64.ActiveCfg = Debug|Any CPU
		{FD05A718-7C43-4806-8063-BA6278AADEAB}.Debug|x64.Build.0 = Debug|Any CPU
		{FD05A718-7C43-4806-8063-BA6278AADEAB}.Debug|x86.ActiveCfg = Debug|Any CPU
		{FD05A718-7C43-4806-8063-BA6278AADEAB}.Debug|x86.Build.0 = Debug|Any CPU
		{FD05A718-7C43-4806-8063-BA6278AADEAB}.Release|Any CPU.ActiveCfg = Release|Any CPU
		{FD05A718-7C43-4806-8063-BA6278AADEAB}.Release|Any CPU.Build.0 = Release|Any CPU
		{FD05A718-7C43-4806-8063-BA6278AADEAB}.Release|x64.ActiveCfg = Release|Any CPU
		{FD05A718-7C43-4806-8063-BA6278AADEAB}.Release|x64.Build.0 = Release|Any CPU
		{FD05A718-7C43-4806-8063-BA6278AADEAB}.Release|x86.ActiveCfg = Release|Any CPU
		{FD05A718-7C43-4806-8063-BA6278AADEAB}.Release|x86.Build.0 = Release|Any CPU
	EndGlobalSection
	GlobalSection(SolutionProperties) = preSolution
		HideSolutionNode = FALSE
	EndGlobalSection
	GlobalSection(NestedProjects) = preSolution
		{6B3211F4-5133-78EE-21EE-36E5DE40C067} = {1AE8ACA6-933B-BF2A-3671-3E2EAC007D16}
		{FD05A718-7C43-4806-8063-BA6278AADEAB} = {1AE8ACA6-933B-BF2A-3671-3E2EAC007D16}
	EndGlobalSection
	GlobalSection(ExtensibilityGlobals) = postSolution
		SolutionGuid = {B9223211-BEA1-4F22-951C-920577CEBCE1}
	EndGlobalSection
EndGlobal
